
Microsoft Visual Studio Solution File, Format Version 12.00
Project("{FAE04EC0-301F-11D3-BF4B-00C04F79EFBC}") = "Leetcode", "Leetcode\Leetcode.csproj", "{3D9FBFAE-9013-461A-8C10-A99CDA8B5DB6}"
EndProject
Project("{FAE04EC0-301F-11D3-BF4B-00C04F79EFBC}") = "TestLeetCode", "TestLeetCode\TestLeetCode.csproj", "{B42D489C-B84F-40E1-8CF8-3E4F1E737ADC}"
EndProject
Project("{FAE04EC0-301F-11D3-BF4B-00C04F79EFBC}") = "MoshDataStructure", "MoshDataStructure\MoshDataStructure.csproj", "{FA13D225-03DF-4375-8ECC-13C2E27290A6}"
EndProject
Project("{FAE04EC0-301F-11D3-BF4B-00C04F79EFBC}") = "TestMoshDataStructure", "TestMoshDataStructure\TestMoshDataStructure.csproj", "{0AE75AB5-9139-4C44-A083-7872A1E157C8}"
EndProject
Global
	GlobalSection(SolutionConfigurationPlatforms) = preSolution
		Debug|Any CPU = Debug|Any CPU
		Release|Any CPU = Release|Any CPU
	EndGlobalSection
	GlobalSection(ProjectConfigurationPlatforms) = postSolution
		{3D9FBFAE-9013-461A-8C10-A99CDA8B5DB6}.Debug|Any CPU.ActiveCfg = Debug|Any CPU
		{3D9FBFAE-9013-461A-8C10-A99CDA8B5DB6}.Debug|Any CPU.Build.0 = Debug|Any CPU
		{3D9FBFAE-9013-461A-8C10-A99CDA8B5DB6}.Release|Any CPU.ActiveCfg = Release|Any CPU
		{3D9FBFAE-9013-461A-8C10-A99CDA8B5DB6}.Release|Any CPU.Build.0 = Release|Any CPU
		{B42D489C-B84F-40E1-8CF8-3E4F1E737ADC}.Debug|Any CPU.ActiveCfg = Debug|Any CPU
		{B42D489C-B84F-40E1-8CF8-3E4F1E737ADC}.Debug|Any CPU.Build.0 = Debug|Any CPU
		{B42D489C-B84F-40E1-8CF8-3E4F1E737ADC}.Release|Any CPU.ActiveCfg = Release|Any CPU
		{B42D489C-B84F-40E1-8CF8-3E4F1E737ADC}.Release|Any CPU.Build.0 = Release|Any CPU
		{FA13D225-03DF-4375-8ECC-13C2E27290A6}.Debug|Any CPU.ActiveCfg = Debug|Any CPU
		{FA13D225-03DF-4375-8ECC-13C2E27290A6}.Debug|Any CPU.Build.0 = Debug|Any CPU
		{FA13D225-03DF-4375-8ECC-13C2E27290A6}.Release|Any CPU.ActiveCfg = Release|Any CPU
		{FA13D225-03DF-4375-8ECC-13C2E27290A6}.Release|Any CPU.Build.0 = Release|Any CPU
		{0AE75AB5-9139-4C44-A083-7872A1E157C8}.Debug|Any CPU.ActiveCfg = Debug|Any CPU
		{0AE75AB5-9139-4C44-A083-7872A1E157C8}.Debug|Any CPU.Build.0 = Debug|Any CPU
		{0AE75AB5-9139-4C44-A083-7872A1E157C8}.Release|Any CPU.ActiveCfg = Release|Any CPU
		{0AE75AB5-9139-4C44-A083-7872A1E157C8}.Release|Any CPU.Build.0 = Release|Any CPU
	EndGlobalSection
EndGlobal
